{
  "name": "test",
  "version": "1.0.0",
  "lockfileVersion": 1,
  "requires": true,
  "dependencies": {
    "@elemaudio/core": {
      "version": "1.0.8",
      "resolved": "https://registry.npmjs.org/@elemaudio/core/-/core-1.0.8.tgz",
      "integrity": "sha512-+chojEufEKg5vS1b4UL+IYYOa6ijqiYDpFCGrw6QnW5Icf+nPX6/+cKyU14jWfrmE4j3C/Y/hdV1qRwzLmWIFQ==",
      "requires": {
        "invariant": "^2.2.4",
        "shallowequal": "^1.1.0"
      }
    },
    "@elemaudio/node-renderer": {
      "version": "1.0.5",
      "resolved": "https://registry.npmjs.org/@elemaudio/node-renderer/-/node-renderer-1.0.5.tgz",
      "integrity": "sha512-1y+y7uVP1i7WCz28OwEUTzHvdwmGntdYX0htPZB/Ry11sNl2p9x6MTy0mn1ClEUFXhlob37xPWnwQKxsP5Ul+w==",
      "requires": {
        "@elemaudio/core": "^1.0.8",
        "events": "^3.3.0",
        "invariant": "^2.2.4"
      },
      "dependencies": {
        "@elemaudio/core": {
          "version": "1.0.8",
          "resolved": "https://registry.npmjs.org/@elemaudio/core/-/core-1.0.8.tgz",
          "integrity": "sha512-+chojEufEKg5vS1b4UL+IYYOa6ijqiYDpFCGrw6QnW5Icf+nPX6/+cKyU14jWfrmE4j3C/Y/hdV1qRwzLmWIFQ==",
          "requires": {
            "invariant": "^2.2.4",
            "shallowequal": "^1.1.0"
          }
        }
      }
    },
    "accidental-value": {
      "version": "1.0.0",
      "resolved": "https://registry.npmjs.org/accidental-value/-/accidental-value-1.0.0.tgz",
      "integrity": "sha512-Dug400VXZ95UwXqoSjYa3kUvKSDfOtPQAOerbKY5Tk/9Kf3DW3+sYKJK5qv4//TIwIaG2r5xxRN55OwMxCsN7A=="
    },
    "chalk": {
      "version": "5.2.0",
      "resolved": "https://registry.npmjs.org/chalk/-/chalk-5.2.0.tgz",
      "integrity": "sha512-ree3Gqw/nazQAPuJJEy+avdl7QfZMcUvmHIKgEZkGL+xOBzRvup5Hxo6LHuMceSxOabuJLJm5Yp/92R9eMmMvA=="
    },
    "daccord": {
      "version": "1.1.0",
      "resolved": "https://registry.npmjs.org/daccord/-/daccord-1.1.0.tgz",
      "integrity": "sha512-LMIBv6VNgcZqD5zQEPps5xT+EyrClJwCzJR9qWGhZ4SoWylPucqtiwIWm9Z7Yla90A017+408HXh6RS4o2qkgw=="
    },
    "events": {
      "version": "3.3.0",
      "resolved": "https://registry.npmjs.org/events/-/events-3.3.0.tgz",
      "integrity": "sha512-mQw+2fkQbALzQ7V0MY0IqdnXNOeTtP4r0lN9z7AAawCXgqea7bDii20AYrIBrFd/Hx0M2Ocz6S111CaFkUcb0Q=="
    },
    "helmholtz": {
      "version": "2.0.2",
      "resolved": "https://registry.npmjs.org/helmholtz/-/helmholtz-2.0.2.tgz",
      "integrity": "sha512-0Pw0Z1W+SxObTKrdyKFZ6n3DV34aAyufdE9/hSRqqfb9q+myVgzlAyTUESr+eHTBX5pKsQgV5wlfexkM+wGnPg==",
      "requires": {
        "accidental-value": "^1.0.0",
        "notecoord": "^1.0.1"
      }
    },
    "interval-coords": {
      "version": "1.1.1",
      "resolved": "https://registry.npmjs.org/interval-coords/-/interval-coords-1.1.1.tgz",
      "integrity": "sha512-s7tB4gLonSlNpJ1bIzQUtdehpX7BjdCQnlBfKl6wXNo93/KIrum/DQdKOzbObjTrfYY4IwlRfJI7NZdFoRo0Qw=="
    },
    "invariant": {
      "version": "2.2.4",
      "resolved": "https://registry.npmjs.org/invariant/-/invariant-2.2.4.tgz",
      "integrity": "sha512-phJfQVBuaJM5raOpJjSfkiD6BpbCE4Ns//LaXl6wGYtUBY83nWS6Rf9tXm2e8VaK60JEjYldbPif/A2B1C2gNA==",
      "requires": {
        "loose-envify": "^1.0.0"
      }
    },
    "js-tokens": {
      "version": "4.0.0",
      "resolved": "https://registry.npmjs.org/js-tokens/-/js-tokens-4.0.0.tgz",
      "integrity": "sha512-RdJUflcE3cUzKiMqQgsCu06FPu9UdIJO0beYbPhHN4k6apgJtifcoCtT9bcxOpYBtpD2kCM6Sbzg4CausW/PKQ=="
    },
    "loose-envify": {
      "version": "1.4.0",
      "resolved": "https://registry.npmjs.org/loose-envify/-/loose-envify-1.4.0.tgz",
      "integrity": "sha512-lyuxPGr/Wfhrlem2CL/UcnUc1zcqKAImBDzukY7Y5F/yQiNdko6+fRLevlw1HgMySw7f611UIY408EtxRSoK3Q==",
      "requires": {
        "js-tokens": "^3.0.0 || ^4.0.0"
      }
    },
    "notecoord": {
      "version": "1.1.0",
      "resolved": "https://registry.npmjs.org/notecoord/-/notecoord-1.1.0.tgz",
      "integrity": "sha512-nMJ/uHG9AxMO5lZ0JBb17+T2eU5CbqChAfTJpC0SdvMzguvy4b2iIO7jhdoRdv+k19Nko7XGcmRCSeqd/aGVXA=="
    },
    "pitch-fq": {
      "version": "1.0.0",
      "resolved": "https://registry.npmjs.org/pitch-fq/-/pitch-fq-1.0.0.tgz",
      "integrity": "sha512-a2C3vxij0lxkY3yn7w0MmTiPdIgBuwv5kZPngIZJ2lOz7VGgNL/60liG88XHP3oX906QRGEpGkZCOEfm1OUc+g=="
    },
    "scientific-notation": {
      "version": "1.0.2",
      "resolved": "https://registry.npmjs.org/scientific-notation/-/scientific-notation-1.0.2.tgz",
      "integrity": "sha512-F2HBoNIyQf1HSEJfQj/ycE3KLg/Hf74yACkzyZjvSYaiZ5pvqFjmPEvsp4CcudFUdKPCmVEWEZ5AyxHqBsiJRw==",
      "requires": {
        "accidental-value": "^1.0.0",
        "notecoord": "^1.0.1"
      }
    },
    "shallowequal": {
      "version": "1.1.0",
      "resolved": "https://registry.npmjs.org/shallowequal/-/shallowequal-1.1.0.tgz",
      "integrity": "sha512-y0m1JoUZSlPAjXVtPPW70aZWfIL/dSP7AFkRnniLCrK/8MDKog3TySTBmckD+RObVxH0v4Tox67+F14PdED2oQ=="
    },
    "teoria": {
      "version": "2.5.0",
      "resolved": "https://registry.npmjs.org/teoria/-/teoria-2.5.0.tgz",
      "integrity": "sha512-LdnDG2PKkYAdBWGBgqZS3POuwq3Kzwj4PBR4PzEsEQ8T/tGqwEoa++SLDxSx7mvsfYA2VirfJWSXhMcpuhquaQ==",
      "requires": {
        "daccord": "^1.0.1",
        "helmholtz": "^2.0.1",
        "interval-coords": "^1.1.1",
        "pitch-fq": "^1.0.0",
        "scientific-notation": "^1.0.2"
      }
    }
  }
}
